
Microsoft Visual Studio Solution File, Format Version 12.00
# Visual Studio 2013
VisualStudioVersion = 12.0.40629.0
MinimumVisualStudioVersion = 10.0.40219.1
Project("{FAE04EC0-301F-11D3-BF4B-00C04F79EFBC}") = "Example.WPF.Client", "Example.WPF.Client\Example.WPF.Client.csproj", "{EDCA9B56-8B2D-4574-9CFC-279B8E7B3E27}"
EndProject
Project("{2150E333-8FDC-42A3-9474-1A3956D46DE8}") = "Documents", "Documents", "{F06EDBA6-7F10-4750-9471-BE1B6149FC31}"
EndProject
Project("{FAE04EC0-301F-11D3-BF4B-00C04F79EFBC}") = "Example.WPF.Person", "Documents\Example.WPF.Person\Example.WPF.Person.csproj", "{28A1EB9A-DE2E-467F-808B-B8A92EDB7A13}"
EndProject
Project("{FAE04EC0-301F-11D3-BF4B-00C04F79EFBC}") = "Example.WPF.Resources", "Example.WPF.Resources\Example.WPF.Resources.csproj", "{08C72035-4C07-4B0A-A760-1AE424718162}"
EndProject
Project("{2150E333-8FDC-42A3-9474-1A3956D46DE8}") = "FrameworkExtensions", "FrameworkExtensions", "{759E6489-3844-4D52-A2CC-CE8A5C4A56DC}"
EndProject
Project("{2150E333-8FDC-42A3-9474-1A3956D46DE8}") = ".nuget", ".nuget", "{1362A414-88AE-4309-84ED-6E4BA0511461}"
	ProjectSection(SolutionItems) = preProject
		.nuget\NuGet.Config = .nuget\NuGet.Config
		.nuget\NuGet.exe = .nuget\NuGet.exe
		.nuget\NuGet.targets = .nuget\NuGet.targets
	EndProjectSection
EndProject
Project("{FAE04EC0-301F-11D3-BF4B-00C04F79EFBC}") = "Example.WPF.Translations", "FrameworkExtensions\Example.WPF.Translations\Example.WPF.Translations.csproj", "{E7527E3A-7E96-43D0-8049-7F95FAFBBDDF}"
EndProject
Project("{FAE04EC0-301F-11D3-BF4B-00C04F79EFBC}") = "Example.WebApi", "Example.WebApi\Example.WebApi.csproj", "{C79DA9B2-A1E1-4F2E-87B9-C493ECCD7AA1}"
EndProject
Project("{2150E333-8FDC-42A3-9474-1A3956D46DE8}") = "Service", "Service", "{DDADAF5C-02D0-492B-9E13-569CA0285941}"
EndProject
Project("{2150E333-8FDC-42A3-9474-1A3956D46DE8}") = "Data", "Data", "{613EF918-083F-4486-9969-8A4C406FCE98}"
EndProject
Project("{FAE04EC0-301F-11D3-BF4B-00C04F79EFBC}") = "Example.Models", "Example.Models\Example.Models.csproj", "{9BB158F5-E587-4E34-9D19-33CA5714E098}"
EndProject
Project("{2150E333-8FDC-42A3-9474-1A3956D46DE8}") = "Client", "Client", "{FD965CD6-8BF2-4728-A324-EAB1E0942648}"
EndProject
Global
	GlobalSection(SolutionConfigurationPlatforms) = preSolution
		Debug|Any CPU = Debug|Any CPU
		Release|Any CPU = Release|Any CPU
	EndGlobalSection
	GlobalSection(ProjectConfigurationPlatforms) = postSolution
		{EDCA9B56-8B2D-4574-9CFC-279B8E7B3E27}.Debug|Any CPU.ActiveCfg = Debug|Any CPU
		{EDCA9B56-8B2D-4574-9CFC-279B8E7B3E27}.Debug|Any CPU.Build.0 = Debug|Any CPU
		{EDCA9B56-8B2D-4574-9CFC-279B8E7B3E27}.Release|Any CPU.ActiveCfg = Release|Any CPU
		{EDCA9B56-8B2D-4574-9CFC-279B8E7B3E27}.Release|Any CPU.Build.0 = Release|Any CPU
		{28A1EB9A-DE2E-467F-808B-B8A92EDB7A13}.Debug|Any CPU.ActiveCfg = Debug|Any CPU
		{28A1EB9A-DE2E-467F-808B-B8A92EDB7A13}.Debug|Any CPU.Build.0 = Debug|Any CPU
		{28A1EB9A-DE2E-467F-808B-B8A92EDB7A13}.Release|Any CPU.ActiveCfg = Release|Any CPU
		{28A1EB9A-DE2E-467F-808B-B8A92EDB7A13}.Release|Any CPU.Build.0 = Release|Any CPU
		{08C72035-4C07-4B0A-A760-1AE424718162}.Debug|Any CPU.ActiveCfg = Debug|Any CPU
		{08C72035-4C07-4B0A-A760-1AE424718162}.Debug|Any CPU.Build.0 = Debug|Any CPU
		{08C72035-4C07-4B0A-A760-1AE424718162}.Release|Any CPU.ActiveCfg = Release|Any CPU
		{08C72035-4C07-4B0A-A760-1AE424718162}.Release|Any CPU.Build.0 = Release|Any CPU
		{E7527E3A-7E96-43D0-8049-7F95FAFBBDDF}.Debug|Any CPU.ActiveCfg = Debug|Any CPU
		{E7527E3A-7E96-43D0-8049-7F95FAFBBDDF}.Debug|Any CPU.Build.0 = Debug|Any CPU
		{E7527E3A-7E96-43D0-8049-7F95FAFBBDDF}.Release|Any CPU.ActiveCfg = Release|Any CPU
		{E7527E3A-7E96-43D0-8049-7F95FAFBBDDF}.Release|Any CPU.Build.0 = Release|Any CPU
		{C79DA9B2-A1E1-4F2E-87B9-C493ECCD7AA1}.Debug|Any CPU.ActiveCfg = Debug|Any CPU
		{C79DA9B2-A1E1-4F2E-87B9-C493ECCD7AA1}.Debug|Any CPU.Build.0 = Debug|Any CPU
		{C79DA9B2-A1E1-4F2E-87B9-C493ECCD7AA1}.Release|Any CPU.ActiveCfg = Release|Any CPU
		{C79DA9B2-A1E1-4F2E-87B9-C493ECCD7AA1}.Release|Any CPU.Build.0 = Release|Any CPU
		{9BB158F5-E587-4E34-9D19-33CA5714E098}.Debug|Any CPU.ActiveCfg = Debug|Any CPU
		{9BB158F5-E587-4E34-9D19-33CA5714E098}.Debug|Any CPU.Build.0 = Debug|Any CPU
		{9BB158F5-E587-4E34-9D19-33CA5714E098}.Release|Any CPU.ActiveCfg = Release|Any CPU
		{9BB158F5-E587-4E34-9D19-33CA5714E098}.Release|Any CPU.Build.0 = Release|Any CPU
	EndGlobalSection
	GlobalSection(SolutionProperties) = preSolution
		HideSolutionNode = FALSE
	EndGlobalSection
	GlobalSection(NestedProjects) = preSolution
		{EDCA9B56-8B2D-4574-9CFC-279B8E7B3E27} = {FD965CD6-8BF2-4728-A324-EAB1E0942648}
		{F06EDBA6-7F10-4750-9471-BE1B6149FC31} = {FD965CD6-8BF2-4728-A324-EAB1E0942648}
		{28A1EB9A-DE2E-467F-808B-B8A92EDB7A13} = {F06EDBA6-7F10-4750-9471-BE1B6149FC31}
		{08C72035-4C07-4B0A-A760-1AE424718162} = {FD965CD6-8BF2-4728-A324-EAB1E0942648}
		{759E6489-3844-4D52-A2CC-CE8A5C4A56DC} = {FD965CD6-8BF2-4728-A324-EAB1E0942648}
		{E7527E3A-7E96-43D0-8049-7F95FAFBBDDF} = {759E6489-3844-4D52-A2CC-CE8A5C4A56DC}
		{C79DA9B2-A1E1-4F2E-87B9-C493ECCD7AA1} = {DDADAF5C-02D0-492B-9E13-569CA0285941}
		{9BB158F5-E587-4E34-9D19-33CA5714E098} = {613EF918-083F-4486-9969-8A4C406FCE98}
	EndGlobalSection
EndGlobal
