
Microsoft Visual Studio Solution File, Format Version 12.00
# Visual Studio 2013
VisualStudioVersion = 12.0.40629.0
MinimumVisualStudioVersion = 10.0.40219.1
Project("{FAE04EC0-301F-11D3-BF4B-00C04F79EFBC}") = "SolidFrame.Core", "SolidFrame.Core\SolidFrame.Core.csproj", "{83691013-5614-41EE-9039-45B54B3B57D2}"
EndProject
Project("{FAE04EC0-301F-11D3-BF4B-00C04F79EFBC}") = "SolidFrame.Resources", "SolidFrame.Resources\SolidFrame.Resources.csproj", "{D9F33591-43DF-4554-B783-8EC9632200AE}"
EndProject
Project("{2150E333-8FDC-42A3-9474-1A3956D46DE8}") = ".nuget", ".nuget", "{BA116D1E-2D9D-41A9-9F50-3EBDEE5C0D53}"
	ProjectSection(SolutionItems) = preProject
		.nuget\NuGet.Config = .nuget\NuGet.Config
		.nuget\NuGet.exe = .nuget\NuGet.exe
		.nuget\NuGet.targets = .nuget\NuGet.targets
	EndProjectSection
EndProject
Project("{FAE04EC0-301F-11D3-BF4B-00C04F79EFBC}") = "SolidFrame.Explorer", "SolidFrame.Explorer\SolidFrame.Explorer.csproj", "{29EDE54C-7AAC-49C8-8789-66A479644976}"
EndProject
Project("{FAE04EC0-301F-11D3-BF4B-00C04F79EFBC}") = "SolidFrame.Explorer.Test", "SolidFrame.Explorer.Test\SolidFrame.Explorer.Test.csproj", "{71B1D196-91EB-4286-AE12-F24521AE80CB}"
EndProject
Project("{FAE04EC0-301F-11D3-BF4B-00C04F79EFBC}") = "SolidFrame.Ribbon", "SolidFrame.Ribbon\SolidFrame.Ribbon.csproj", "{FD56B994-5401-4D17-80D2-CD67FC78B3B2}"
EndProject
Project("{FAE04EC0-301F-11D3-BF4B-00C04F79EFBC}") = "SolidFrame.Ribbon.Test", "SolidFrame.Ribbon.Test\SolidFrame.Ribbon.Test.csproj", "{BC4CF6E6-4B6A-46CE-BE17-35841294A9F3}"
EndProject
Project("{FAE04EC0-301F-11D3-BF4B-00C04F79EFBC}") = "SolidFrame.Notifications", "SolidFrame.Notifications\SolidFrame.Notifications.csproj", "{E00D39CA-64E8-40F9-A0E2-4517DBEF08FD}"
EndProject
Project("{FAE04EC0-301F-11D3-BF4B-00C04F79EFBC}") = "SolidFrame.Validation", "SolidFrame.Validation\SolidFrame.Validation.csproj", "{028500A4-1F1E-4C10-A3B0-38856D0F329A}"
EndProject
Project("{FAE04EC0-301F-11D3-BF4B-00C04F79EFBC}") = "SolidFrame.Validation.Test", "SolidFrame.Validation.Test\SolidFrame.Validation.Test.csproj", "{0988FA6A-3EA4-4B25-A3F7-ED9671546C8C}"
EndProject
Project("{FAE04EC0-301F-11D3-BF4B-00C04F79EFBC}") = "SolidFrame.Notifications.Test", "SolidFrame.Notifications.Test\SolidFrame.Notifications.Test.csproj", "{D938EC80-E791-42D0-BB24-07BB631D5480}"
EndProject
Project("{FAE04EC0-301F-11D3-BF4B-00C04F79EFBC}") = "SolidFrame.Client", "SolidFrame.Client\SolidFrame.Client.csproj", "{3F9C0630-3B2D-4410-A7E1-D924E5E55A7F}"
EndProject
Project("{FAE04EC0-301F-11D3-BF4B-00C04F79EFBC}") = "SolidFrame.DirtyTracking", "SolidFrame.DirtyTracking\SolidFrame.DirtyTracking.csproj", "{308C4742-6C4D-4BB9-97BE-093D0B696E74}"
EndProject
Project("{FAE04EC0-301F-11D3-BF4B-00C04F79EFBC}") = "SolidFrame.DirtyTracking.Test", "SolidFrame.DirtyTracking.Test\SolidFrame.DirtyTracking.Test.csproj", "{E648B80C-AE4B-40DA-ACE3-011EF7B6C6DA}"
EndProject
Global
	GlobalSection(SolutionConfigurationPlatforms) = preSolution
		Debug|Any CPU = Debug|Any CPU
		Debug|Mixed Platforms = Debug|Mixed Platforms
		Debug|x86 = Debug|x86
		Release|Any CPU = Release|Any CPU
		Release|Mixed Platforms = Release|Mixed Platforms
		Release|x86 = Release|x86
	EndGlobalSection
	GlobalSection(ProjectConfigurationPlatforms) = postSolution
		{83691013-5614-41EE-9039-45B54B3B57D2}.Debug|Any CPU.ActiveCfg = Debug|Any CPU
		{83691013-5614-41EE-9039-45B54B3B57D2}.Debug|Any CPU.Build.0 = Debug|Any CPU
		{83691013-5614-41EE-9039-45B54B3B57D2}.Debug|Mixed Platforms.ActiveCfg = Debug|Any CPU
		{83691013-5614-41EE-9039-45B54B3B57D2}.Debug|Mixed Platforms.Build.0 = Debug|Any CPU
		{83691013-5614-41EE-9039-45B54B3B57D2}.Debug|x86.ActiveCfg = Debug|Any CPU
		{83691013-5614-41EE-9039-45B54B3B57D2}.Release|Any CPU.ActiveCfg = Release|Any CPU
		{83691013-5614-41EE-9039-45B54B3B57D2}.Release|Any CPU.Build.0 = Release|Any CPU
		{83691013-5614-41EE-9039-45B54B3B57D2}.Release|Mixed Platforms.ActiveCfg = Release|Any CPU
		{83691013-5614-41EE-9039-45B54B3B57D2}.Release|Mixed Platforms.Build.0 = Release|Any CPU
		{83691013-5614-41EE-9039-45B54B3B57D2}.Release|x86.ActiveCfg = Release|Any CPU
		{D9F33591-43DF-4554-B783-8EC9632200AE}.Debug|Any CPU.ActiveCfg = Debug|Any CPU
		{D9F33591-43DF-4554-B783-8EC9632200AE}.Debug|Any CPU.Build.0 = Debug|Any CPU
		{D9F33591-43DF-4554-B783-8EC9632200AE}.Debug|Mixed Platforms.ActiveCfg = Debug|Any CPU
		{D9F33591-43DF-4554-B783-8EC9632200AE}.Debug|Mixed Platforms.Build.0 = Debug|Any CPU
		{D9F33591-43DF-4554-B783-8EC9632200AE}.Debug|x86.ActiveCfg = Debug|Any CPU
		{D9F33591-43DF-4554-B783-8EC9632200AE}.Release|Any CPU.ActiveCfg = Release|Any CPU
		{D9F33591-43DF-4554-B783-8EC9632200AE}.Release|Any CPU.Build.0 = Release|Any CPU
		{D9F33591-43DF-4554-B783-8EC9632200AE}.Release|Mixed Platforms.ActiveCfg = Release|Any CPU
		{D9F33591-43DF-4554-B783-8EC9632200AE}.Release|Mixed Platforms.Build.0 = Release|Any CPU
		{D9F33591-43DF-4554-B783-8EC9632200AE}.Release|x86.ActiveCfg = Release|Any CPU
		{29EDE54C-7AAC-49C8-8789-66A479644976}.Debug|Any CPU.ActiveCfg = Debug|x86
		{29EDE54C-7AAC-49C8-8789-66A479644976}.Debug|Mixed Platforms.ActiveCfg = Debug|x86
		{29EDE54C-7AAC-49C8-8789-66A479644976}.Debug|Mixed Platforms.Build.0 = Debug|x86
		{29EDE54C-7AAC-49C8-8789-66A479644976}.Debug|x86.ActiveCfg = Debug|x86
		{29EDE54C-7AAC-49C8-8789-66A479644976}.Debug|x86.Build.0 = Debug|x86
		{29EDE54C-7AAC-49C8-8789-66A479644976}.Release|Any CPU.ActiveCfg = Release|x86
		{29EDE54C-7AAC-49C8-8789-66A479644976}.Release|Mixed Platforms.ActiveCfg = Release|x86
		{29EDE54C-7AAC-49C8-8789-66A479644976}.Release|Mixed Platforms.Build.0 = Release|x86
		{29EDE54C-7AAC-49C8-8789-66A479644976}.Release|x86.ActiveCfg = Release|x86
		{29EDE54C-7AAC-49C8-8789-66A479644976}.Release|x86.Build.0 = Release|x86
		{71B1D196-91EB-4286-AE12-F24521AE80CB}.Debug|Any CPU.ActiveCfg = Debug|Any CPU
		{71B1D196-91EB-4286-AE12-F24521AE80CB}.Debug|Any CPU.Build.0 = Debug|Any CPU
		{71B1D196-91EB-4286-AE12-F24521AE80CB}.Debug|Mixed Platforms.ActiveCfg = Debug|Any CPU
		{71B1D196-91EB-4286-AE12-F24521AE80CB}.Debug|Mixed Platforms.Build.0 = Debug|Any CPU
		{71B1D196-91EB-4286-AE12-F24521AE80CB}.Debug|x86.ActiveCfg = Debug|Any CPU
		{71B1D196-91EB-4286-AE12-F24521AE80CB}.Release|Any CPU.ActiveCfg = Release|Any CPU
		{71B1D196-91EB-4286-AE12-F24521AE80CB}.Release|Any CPU.Build.0 = Release|Any CPU
		{71B1D196-91EB-4286-AE12-F24521AE80CB}.Release|Mixed Platforms.ActiveCfg = Release|Any CPU
		{71B1D196-91EB-4286-AE12-F24521AE80CB}.Release|Mixed Platforms.Build.0 = Release|Any CPU
		{71B1D196-91EB-4286-AE12-F24521AE80CB}.Release|x86.ActiveCfg = Release|Any CPU
		{FD56B994-5401-4D17-80D2-CD67FC78B3B2}.Debug|Any CPU.ActiveCfg = Debug|x86
		{FD56B994-5401-4D17-80D2-CD67FC78B3B2}.Debug|Mixed Platforms.ActiveCfg = Debug|x86
		{FD56B994-5401-4D17-80D2-CD67FC78B3B2}.Debug|Mixed Platforms.Build.0 = Debug|x86
		{FD56B994-5401-4D17-80D2-CD67FC78B3B2}.Debug|x86.ActiveCfg = Debug|x86
		{FD56B994-5401-4D17-80D2-CD67FC78B3B2}.Debug|x86.Build.0 = Debug|x86
		{FD56B994-5401-4D17-80D2-CD67FC78B3B2}.Release|Any CPU.ActiveCfg = Release|x86
		{FD56B994-5401-4D17-80D2-CD67FC78B3B2}.Release|Mixed Platforms.ActiveCfg = Release|x86
		{FD56B994-5401-4D17-80D2-CD67FC78B3B2}.Release|Mixed Platforms.Build.0 = Release|x86
		{FD56B994-5401-4D17-80D2-CD67FC78B3B2}.Release|x86.ActiveCfg = Release|x86
		{FD56B994-5401-4D17-80D2-CD67FC78B3B2}.Release|x86.Build.0 = Release|x86
		{BC4CF6E6-4B6A-46CE-BE17-35841294A9F3}.Debug|Any CPU.ActiveCfg = Debug|Any CPU
		{BC4CF6E6-4B6A-46CE-BE17-35841294A9F3}.Debug|Any CPU.Build.0 = Debug|Any CPU
		{BC4CF6E6-4B6A-46CE-BE17-35841294A9F3}.Debug|Mixed Platforms.ActiveCfg = Debug|Any CPU
		{BC4CF6E6-4B6A-46CE-BE17-35841294A9F3}.Debug|Mixed Platforms.Build.0 = Debug|Any CPU
		{BC4CF6E6-4B6A-46CE-BE17-35841294A9F3}.Debug|x86.ActiveCfg = Debug|Any CPU
		{BC4CF6E6-4B6A-46CE-BE17-35841294A9F3}.Release|Any CPU.ActiveCfg = Release|Any CPU
		{BC4CF6E6-4B6A-46CE-BE17-35841294A9F3}.Release|Any CPU.Build.0 = Release|Any CPU
		{BC4CF6E6-4B6A-46CE-BE17-35841294A9F3}.Release|Mixed Platforms.ActiveCfg = Release|Any CPU
		{BC4CF6E6-4B6A-46CE-BE17-35841294A9F3}.Release|Mixed Platforms.Build.0 = Release|Any CPU
		{BC4CF6E6-4B6A-46CE-BE17-35841294A9F3}.Release|x86.ActiveCfg = Release|Any CPU
		{E00D39CA-64E8-40F9-A0E2-4517DBEF08FD}.Debug|Any CPU.ActiveCfg = Debug|Any CPU
		{E00D39CA-64E8-40F9-A0E2-4517DBEF08FD}.Debug|Any CPU.Build.0 = Debug|Any CPU
		{E00D39CA-64E8-40F9-A0E2-4517DBEF08FD}.Debug|Mixed Platforms.ActiveCfg = Debug|Any CPU
		{E00D39CA-64E8-40F9-A0E2-4517DBEF08FD}.Debug|Mixed Platforms.Build.0 = Debug|Any CPU
		{E00D39CA-64E8-40F9-A0E2-4517DBEF08FD}.Debug|x86.ActiveCfg = Debug|Any CPU
		{E00D39CA-64E8-40F9-A0E2-4517DBEF08FD}.Release|Any CPU.ActiveCfg = Release|Any CPU
		{E00D39CA-64E8-40F9-A0E2-4517DBEF08FD}.Release|Any CPU.Build.0 = Release|Any CPU
		{E00D39CA-64E8-40F9-A0E2-4517DBEF08FD}.Release|Mixed Platforms.ActiveCfg = Release|Any CPU
		{E00D39CA-64E8-40F9-A0E2-4517DBEF08FD}.Release|Mixed Platforms.Build.0 = Release|Any CPU
		{E00D39CA-64E8-40F9-A0E2-4517DBEF08FD}.Release|x86.ActiveCfg = Release|Any CPU
		{028500A4-1F1E-4C10-A3B0-38856D0F329A}.Debug|Any CPU.ActiveCfg = Debug|Any CPU
		{028500A4-1F1E-4C10-A3B0-38856D0F329A}.Debug|Any CPU.Build.0 = Debug|Any CPU
		{028500A4-1F1E-4C10-A3B0-38856D0F329A}.Debug|Mixed Platforms.ActiveCfg = Debug|Any CPU
		{028500A4-1F1E-4C10-A3B0-38856D0F329A}.Debug|Mixed Platforms.Build.0 = Debug|Any CPU
		{028500A4-1F1E-4C10-A3B0-38856D0F329A}.Debug|x86.ActiveCfg = Debug|Any CPU
		{028500A4-1F1E-4C10-A3B0-38856D0F329A}.Release|Any CPU.ActiveCfg = Release|Any CPU
		{028500A4-1F1E-4C10-A3B0-38856D0F329A}.Release|Any CPU.Build.0 = Release|Any CPU
		{028500A4-1F1E-4C10-A3B0-38856D0F329A}.Release|Mixed Platforms.ActiveCfg = Release|Any CPU
		{028500A4-1F1E-4C10-A3B0-38856D0F329A}.Release|Mixed Platforms.Build.0 = Release|Any CPU
		{028500A4-1F1E-4C10-A3B0-38856D0F329A}.Release|x86.ActiveCfg = Release|Any CPU
		{0988FA6A-3EA4-4B25-A3F7-ED9671546C8C}.Debug|Any CPU.ActiveCfg = Debug|Any CPU
		{0988FA6A-3EA4-4B25-A3F7-ED9671546C8C}.Debug|Any CPU.Build.0 = Debug|Any CPU
		{0988FA6A-3EA4-4B25-A3F7-ED9671546C8C}.Debug|Mixed Platforms.ActiveCfg = Debug|Any CPU
		{0988FA6A-3EA4-4B25-A3F7-ED9671546C8C}.Debug|Mixed Platforms.Build.0 = Debug|Any CPU
		{0988FA6A-3EA4-4B25-A3F7-ED9671546C8C}.Debug|x86.ActiveCfg = Debug|Any CPU
		{0988FA6A-3EA4-4B25-A3F7-ED9671546C8C}.Release|Any CPU.ActiveCfg = Release|Any CPU
		{0988FA6A-3EA4-4B25-A3F7-ED9671546C8C}.Release|Any CPU.Build.0 = Release|Any CPU
		{0988FA6A-3EA4-4B25-A3F7-ED9671546C8C}.Release|Mixed Platforms.ActiveCfg = Release|Any CPU
		{0988FA6A-3EA4-4B25-A3F7-ED9671546C8C}.Release|Mixed Platforms.Build.0 = Release|Any CPU
		{0988FA6A-3EA4-4B25-A3F7-ED9671546C8C}.Release|x86.ActiveCfg = Release|Any CPU
		{D938EC80-E791-42D0-BB24-07BB631D5480}.Debug|Any CPU.ActiveCfg = Debug|Any CPU
		{D938EC80-E791-42D0-BB24-07BB631D5480}.Debug|Any CPU.Build.0 = Debug|Any CPU
		{D938EC80-E791-42D0-BB24-07BB631D5480}.Debug|Mixed Platforms.ActiveCfg = Debug|Any CPU
		{D938EC80-E791-42D0-BB24-07BB631D5480}.Debug|Mixed Platforms.Build.0 = Debug|Any CPU
		{D938EC80-E791-42D0-BB24-07BB631D5480}.Debug|x86.ActiveCfg = Debug|Any CPU
		{D938EC80-E791-42D0-BB24-07BB631D5480}.Release|Any CPU.ActiveCfg = Release|Any CPU
		{D938EC80-E791-42D0-BB24-07BB631D5480}.Release|Any CPU.Build.0 = Release|Any CPU
		{D938EC80-E791-42D0-BB24-07BB631D5480}.Release|Mixed Platforms.ActiveCfg = Release|Any CPU
		{D938EC80-E791-42D0-BB24-07BB631D5480}.Release|Mixed Platforms.Build.0 = Release|Any CPU
		{D938EC80-E791-42D0-BB24-07BB631D5480}.Release|x86.ActiveCfg = Release|Any CPU
		{3F9C0630-3B2D-4410-A7E1-D924E5E55A7F}.Debug|Any CPU.ActiveCfg = Debug|Any CPU
		{3F9C0630-3B2D-4410-A7E1-D924E5E55A7F}.Debug|Any CPU.Build.0 = Debug|Any CPU
		{3F9C0630-3B2D-4410-A7E1-D924E5E55A7F}.Debug|Mixed Platforms.ActiveCfg = Debug|Any CPU
		{3F9C0630-3B2D-4410-A7E1-D924E5E55A7F}.Debug|Mixed Platforms.Build.0 = Debug|Any CPU
		{3F9C0630-3B2D-4410-A7E1-D924E5E55A7F}.Debug|x86.ActiveCfg = Debug|Any CPU
		{3F9C0630-3B2D-4410-A7E1-D924E5E55A7F}.Release|Any CPU.ActiveCfg = Release|Any CPU
		{3F9C0630-3B2D-4410-A7E1-D924E5E55A7F}.Release|Any CPU.Build.0 = Release|Any CPU
		{3F9C0630-3B2D-4410-A7E1-D924E5E55A7F}.Release|Mixed Platforms.ActiveCfg = Release|Any CPU
		{3F9C0630-3B2D-4410-A7E1-D924E5E55A7F}.Release|Mixed Platforms.Build.0 = Release|Any CPU
		{3F9C0630-3B2D-4410-A7E1-D924E5E55A7F}.Release|x86.ActiveCfg = Release|Any CPU
		{308C4742-6C4D-4BB9-97BE-093D0B696E74}.Debug|Any CPU.ActiveCfg = Debug|Any CPU
		{308C4742-6C4D-4BB9-97BE-093D0B696E74}.Debug|Any CPU.Build.0 = Debug|Any CPU
		{308C4742-6C4D-4BB9-97BE-093D0B696E74}.Debug|Mixed Platforms.ActiveCfg = Debug|Any CPU
		{308C4742-6C4D-4BB9-97BE-093D0B696E74}.Debug|Mixed Platforms.Build.0 = Debug|Any CPU
		{308C4742-6C4D-4BB9-97BE-093D0B696E74}.Debug|x86.ActiveCfg = Debug|Any CPU
		{308C4742-6C4D-4BB9-97BE-093D0B696E74}.Release|Any CPU.ActiveCfg = Release|Any CPU
		{308C4742-6C4D-4BB9-97BE-093D0B696E74}.Release|Any CPU.Build.0 = Release|Any CPU
		{308C4742-6C4D-4BB9-97BE-093D0B696E74}.Release|Mixed Platforms.ActiveCfg = Release|Any CPU
		{308C4742-6C4D-4BB9-97BE-093D0B696E74}.Release|Mixed Platforms.Build.0 = Release|Any CPU
		{308C4742-6C4D-4BB9-97BE-093D0B696E74}.Release|x86.ActiveCfg = Release|Any CPU
		{E648B80C-AE4B-40DA-ACE3-011EF7B6C6DA}.Debug|Any CPU.ActiveCfg = Debug|Any CPU
		{E648B80C-AE4B-40DA-ACE3-011EF7B6C6DA}.Debug|Any CPU.Build.0 = Debug|Any CPU
		{E648B80C-AE4B-40DA-ACE3-011EF7B6C6DA}.Debug|Mixed Platforms.ActiveCfg = Debug|Any CPU
		{E648B80C-AE4B-40DA-ACE3-011EF7B6C6DA}.Debug|Mixed Platforms.Build.0 = Debug|Any CPU
		{E648B80C-AE4B-40DA-ACE3-011EF7B6C6DA}.Debug|x86.ActiveCfg = Debug|Any CPU
		{E648B80C-AE4B-40DA-ACE3-011EF7B6C6DA}.Release|Any CPU.ActiveCfg = Release|Any CPU
		{E648B80C-AE4B-40DA-ACE3-011EF7B6C6DA}.Release|Any CPU.Build.0 = Release|Any CPU
		{E648B80C-AE4B-40DA-ACE3-011EF7B6C6DA}.Release|Mixed Platforms.ActiveCfg = Release|Any CPU
		{E648B80C-AE4B-40DA-ACE3-011EF7B6C6DA}.Release|Mixed Platforms.Build.0 = Release|Any CPU
		{E648B80C-AE4B-40DA-ACE3-011EF7B6C6DA}.Release|x86.ActiveCfg = Release|Any CPU
	EndGlobalSection
	GlobalSection(SolutionProperties) = preSolution
		HideSolutionNode = FALSE
	EndGlobalSection
EndGlobal
